PODS:
  - AFNetworking (1.3.2)
  - BlocksKit (1.8.2):
    - libffi
  - EDQueue (0.7.0):
    - FMDB (~> 2.0)
  - FMDB (2.1):
    - FMDB/standard
  - FMDB/common (2.1)
  - FMDB/standard (2.1):
    - FMDB/common
  - Inflections (1.0.0):
    - RegexKitLite
  - libffi (3.0.13)
  - MBFaker (0.1.2)
  - RegexKitLite (4.0)
  - RHAddressBook (HEAD based on 1.0.2)
  - SVProgressHUD (0.9)

DEPENDENCIES:
  - AFNetworking (~> 1.0)
  - BlocksKit
  - EDQueue
  - Inflections
  - MBFaker
  - RHAddressBook (HEAD)
  - SVProgressHUD

SPEC CHECKSUMS:
  AFNetworking: 7f9bcd7c287a75476cd5c61e82fd3380e93e4c54
  BlocksKit: 7396526b0816734103f6133fbb1a520c8b04e80c
  EDQueue: 1daf5ed62560b4440eae510f1b9d50717d42b92e
  FMDB: 3fd5aaf632ca4ed39e3f101e0398504e6d5b0918
  Inflections: e77c455409381402163911a75835892fd406ff99
  libffi: 64ef39353e747bb2b25e1026afd96a157bf9231c
  MBFaker: cf53384c68e5d59b408b66f7487447be580e1b05
  RegexKitLite: f7af7b4d2b675cd2ec9a4abab6aad6ae1f6499c0
  RHAddressBook: 64f78a4058e0a7849275c970bf19fe195edf94d0
  SVProgressHUD: 03d4845ec8e64591726428a08236c6a5489d45f8

COCOAPODS: 0.29.0
