PODS:
  - AFNetworking (1.3.3)
  - BlocksKit (2.2.0):
    - BlocksKit/All
  - BlocksKit/All (2.2.0):
    - BlocksKit/Core
    - BlocksKit/DynamicDelegate
    - BlocksKit/MessageUI
    - BlocksKit/UIKit
  - BlocksKit/Core (2.2.0)
  - BlocksKit/DynamicDelegate (2.2.0):
    - BlocksKit/MiniFFI
  - BlocksKit/MessageUI (2.2.0):
    - BlocksKit/Core
    - BlocksKit/DynamicDelegate
  - BlocksKit/MiniFFI (2.2.0)
  - BlocksKit/UIKit (2.2.0):
    - BlocksKit/Core
    - BlocksKit/DynamicDelegate
  - EDQueue (0.7.0):
    - FMDB (~> 2.0)
  - FMDB (2.2):
    - FMDB/standard
  - FMDB/common (2.2)
  - FMDB/standard (2.2):
    - FMDB/common
  - Inflections (1.0.0):
    - RegexKitLite
  - MBFaker (0.1.2)
  - RegexKitLite (4.0)
  - RHAddressBook (HEAD based on 1.1.0)
  - SVProgressHUD (1.0)

DEPENDENCIES:
  - AFNetworking (~> 1.0)
  - BlocksKit
  - EDQueue
  - Inflections
  - MBFaker
  - RHAddressBook (HEAD)
  - SVProgressHUD

SPEC CHECKSUMS:
  AFNetworking: 61fdd49e2ffe6380378df37b3b6e70630bb9dd66
  BlocksKit: 1b106f407a11997fd79e1da31453758e51277613
  EDQueue: 1daf5ed62560b4440eae510f1b9d50717d42b92e
  FMDB: 97472cfacf0d9e445e915704fb43b4b142799c36
  Inflections: e77c455409381402163911a75835892fd406ff99
  MBFaker: cf53384c68e5d59b408b66f7487447be580e1b05
  RegexKitLite: f7af7b4d2b675cd2ec9a4abab6aad6ae1f6499c0
  RHAddressBook: 5a6de1f752bc8cbfd7902ec80207e64422914c79
  SVProgressHUD: 5e10939a296debf5fe5a5895eda9539b8b2114f1

COCOAPODS: 0.29.0
